
Microsoft Visual Studio Solution File, Format Version 12.00
# Visual Studio 2017
Project("{FAE04EC0-301F-11D3-BF4B-00C04F79EFBC}") = "ImmuneWars-Organizando_Paradas", "ImmuneWars-Organizando_Paradas.csproj", "{56579610-8AEC-24A2-DE00-09B03E80AC6D}"
EndProject
Project("{FAE04EC0-301F-11D3-BF4B-00C04F79EFBC}") = "ImmuneWars-Organizando_Paradas.Editor", "ImmuneWars-Organizando_Paradas.Editor.csproj", "{51F11CCF-A518-871B-1EA6-3CA5CD010297}"
EndProject
Global
	GlobalSection(SolutionConfigurationPlatforms) = preSolution
		Debug|Any CPU = Debug|Any CPU
		Release|Any CPU = Release|Any CPU
	EndGlobalSection
	GlobalSection(ProjectConfigurationPlatforms) = postSolution
		{56579610-8AEC-24A2-DE00-09B03E80AC6D}.Debug|Any CPU.ActiveCfg = Debug|Any CPU
		{56579610-8AEC-24A2-DE00-09B03E80AC6D}.Debug|Any CPU.Build.0 = Debug|Any CPU
		{56579610-8AEC-24A2-DE00-09B03E80AC6D}.Release|Any CPU.ActiveCfg = Release|Any CPU
		{56579610-8AEC-24A2-DE00-09B03E80AC6D}.Release|Any CPU.Build.0 = Release|Any CPU
		{51F11CCF-A518-871B-1EA6-3CA5CD010297}.Debug|Any CPU.ActiveCfg = Debug|Any CPU
		{51F11CCF-A518-871B-1EA6-3CA5CD010297}.Debug|Any CPU.Build.0 = Debug|Any CPU
		{51F11CCF-A518-871B-1EA6-3CA5CD010297}.Release|Any CPU.ActiveCfg = Release|Any CPU
		{51F11CCF-A518-871B-1EA6-3CA5CD010297}.Release|Any CPU.Build.0 = Release|Any CPU
	EndGlobalSection
	GlobalSection(SolutionProperties) = preSolution
		HideSolutionNode = FALSE
	EndGlobalSection
EndGlobal
